
Microsoft Visual Studio Solution File, Format Version 12.00
# Visual Studio Version 16
VisualStudioVersion = 16.0.30225.117
MinimumVisualStudioVersion = 10.0.40219.1
Project("{FAE04EC0-301F-11D3-BF4B-00C04F79EFBC}") = "Clases Exercises", "Clases Exercises\Clases Exercises.csproj", "{926D4BFC-10AC-4184-BE64-0E247EAF9677}"
EndProject
Global
	GlobalSection(SolutionConfigurationPlatforms) = preSolution
		Debug|Any CPU = Debug|Any CPU
		Release|Any CPU = Release|Any CPU
	EndGlobalSection
	GlobalSection(ProjectConfigurationPlatforms) = postSolution
		{926D4BFC-10AC-4184-BE64-0E247EAF9677}.Debug|Any CPU.ActiveCfg = Debug|Any CPU
		{926D4BFC-10AC-4184-BE64-0E247EAF9677}.Debug|Any CPU.Build.0 = Debug|Any CPU
		{926D4BFC-10AC-4184-BE64-0E247EAF9677}.Release|Any CPU.ActiveCfg = Release|Any CPU
		{926D4BFC-10AC-4184-BE64-0E247EAF9677}.Release|Any CPU.Build.0 = Release|Any CPU
	EndGlobalSection
	GlobalSection(SolutionProperties) = preSolution
		HideSolutionNode = FALSE
	EndGlobalSection
	GlobalSection(ExtensibilityGlobals) = postSolution
		SolutionGuid = {E5351335-36E7-40AB-A1AF-2236FA973E8F}
	EndGlobalSection
EndGlobal
